
Microsoft Visual Studio Solution File, Format Version 12.00
# Visual Studio Version 17
VisualStudioVersion = 17.2.32526.322
MinimumVisualStudioVersion = 15.0.26124.0
Project("{9A19103F-16F7-4668-BE54-9A1E7A4F7556}") = "ExcelSharp", "ExcelSharp\ExcelSharp.csproj", "{C34F3FE1-A678-4A10-B8D7-14993386CDE3}"
EndProject
Project("{9A19103F-16F7-4668-BE54-9A1E7A4F7556}") = "ExcelSharp.Test", "ExcelSharp.Test\ExcelSharp.Test.csproj", "{6BAA979E-F3AB-493C-894F-96A9F35D754C}"
EndProject
Project("{9A19103F-16F7-4668-BE54-9A1E7A4F7556}") = "ExcelSharp.NPOI", "ExcelSharp.NPOI\ExcelSharp.NPOI.csproj", "{C952B0F9-961C-424F-8890-94870D5E9916}"
EndProject
Project("{D954291E-2A0B-460D-934E-DC6B0785DB48}") = "ExcelSharp.Shared", "ExcelSharp.Shared\ExcelSharp.Shared.shproj", "{1D1E0DC8-61F7-4D7C-81A1-6127D29907C8}"
EndProject
Project("{2150E333-8FDC-42A3-9474-1A3956D46DE8}") = "Solution Items", "Solution Items", "{E94DC7E5-0F22-45AC-92E8-74D4E148EE67}"
	ProjectSection(SolutionItems) = preProject
		push.cmd = push.cmd
	EndProjectSection
EndProject
Global
	GlobalSection(SolutionConfigurationPlatforms) = preSolution
		Debug|Any CPU = Debug|Any CPU
		Debug|x64 = Debug|x64
		Debug|x86 = Debug|x86
		Release|Any CPU = Release|Any CPU
		Release|x64 = Release|x64
		Release|x86 = Release|x86
	EndGlobalSection
	GlobalSection(ProjectConfigurationPlatforms) = postSolution
		{C34F3FE1-A678-4A10-B8D7-14993386CDE3}.Debug|Any CPU.ActiveCfg = Debug|Any CPU
		{C34F3FE1-A678-4A10-B8D7-14993386CDE3}.Debug|Any CPU.Build.0 = Debug|Any CPU
		{C34F3FE1-A678-4A10-B8D7-14993386CDE3}.Debug|x64.ActiveCfg = Debug|Any CPU
		{C34F3FE1-A678-4A10-B8D7-14993386CDE3}.Debug|x64.Build.0 = Debug|Any CPU
		{C34F3FE1-A678-4A10-B8D7-14993386CDE3}.Debug|x86.ActiveCfg = Debug|Any CPU
		{C34F3FE1-A678-4A10-B8D7-14993386CDE3}.Debug|x86.Build.0 = Debug|Any CPU
		{C34F3FE1-A678-4A10-B8D7-14993386CDE3}.Release|Any CPU.ActiveCfg = Release|Any CPU
		{C34F3FE1-A678-4A10-B8D7-14993386CDE3}.Release|Any CPU.Build.0 = Release|Any CPU
		{C34F3FE1-A678-4A10-B8D7-14993386CDE3}.Release|x64.ActiveCfg = Release|Any CPU
		{C34F3FE1-A678-4A10-B8D7-14993386CDE3}.Release|x64.Build.0 = Release|Any CPU
		{C34F3FE1-A678-4A10-B8D7-14993386CDE3}.Release|x86.ActiveCfg = Release|Any CPU
		{C34F3FE1-A678-4A10-B8D7-14993386CDE3}.Release|x86.Build.0 = Release|Any CPU
		{6BAA979E-F3AB-493C-894F-96A9F35D754C}.Debug|Any CPU.ActiveCfg = Debug|Any CPU
		{6BAA979E-F3AB-493C-894F-96A9F35D754C}.Debug|Any CPU.Build.0 = Debug|Any CPU
		{6BAA979E-F3AB-493C-894F-96A9F35D754C}.Debug|x64.ActiveCfg = Debug|Any CPU
		{6BAA979E-F3AB-493C-894F-96A9F35D754C}.Debug|x64.Build.0 = Debug|Any CPU
		{6BAA979E-F3AB-493C-894F-96A9F35D754C}.Debug|x86.ActiveCfg = Debug|Any CPU
		{6BAA979E-F3AB-493C-894F-96A9F35D754C}.Debug|x86.Build.0 = Debug|Any CPU
		{6BAA979E-F3AB-493C-894F-96A9F35D754C}.Release|Any CPU.ActiveCfg = Release|Any CPU
		{6BAA979E-F3AB-493C-894F-96A9F35D754C}.Release|Any CPU.Build.0 = Release|Any CPU
		{6BAA979E-F3AB-493C-894F-96A9F35D754C}.Release|x64.ActiveCfg = Release|Any CPU
		{6BAA979E-F3AB-493C-894F-96A9F35D754C}.Release|x64.Build.0 = Release|Any CPU
		{6BAA979E-F3AB-493C-894F-96A9F35D754C}.Release|x86.ActiveCfg = Release|Any CPU
		{6BAA979E-F3AB-493C-894F-96A9F35D754C}.Release|x86.Build.0 = Release|Any CPU
		{C952B0F9-961C-424F-8890-94870D5E9916}.Debug|Any CPU.ActiveCfg = Debug|Any CPU
		{C952B0F9-961C-424F-8890-94870D5E9916}.Debug|Any CPU.Build.0 = Debug|Any CPU
		{C952B0F9-961C-424F-8890-94870D5E9916}.Debug|x64.ActiveCfg = Debug|Any CPU
		{C952B0F9-961C-424F-8890-94870D5E9916}.Debug|x64.Build.0 = Debug|Any CPU
		{C952B0F9-961C-424F-8890-94870D5E9916}.Debug|x86.ActiveCfg = Debug|Any CPU
		{C952B0F9-961C-424F-8890-94870D5E9916}.Debug|x86.Build.0 = Debug|Any CPU
		{C952B0F9-961C-424F-8890-94870D5E9916}.Release|Any CPU.ActiveCfg = Release|Any CPU
		{C952B0F9-961C-424F-8890-94870D5E9916}.Release|Any CPU.Build.0 = Release|Any CPU
		{C952B0F9-961C-424F-8890-94870D5E9916}.Release|x64.ActiveCfg = Release|Any CPU
		{C952B0F9-961C-424F-8890-94870D5E9916}.Release|x64.Build.0 = Release|Any CPU
		{C952B0F9-961C-424F-8890-94870D5E9916}.Release|x86.ActiveCfg = Release|Any CPU
		{C952B0F9-961C-424F-8890-94870D5E9916}.Release|x86.Build.0 = Release|Any CPU
	EndGlobalSection
	GlobalSection(SolutionProperties) = preSolution
		HideSolutionNode = FALSE
	EndGlobalSection
	GlobalSection(ExtensibilityGlobals) = postSolution
		SolutionGuid = {31B1C611-4CE3-4B8A-ABA0-F343CAC9C5A5}
	EndGlobalSection
	GlobalSection(SharedMSBuildProjectFiles) = preSolution
		ExcelSharp.Shared\ExcelSharp.Shared.projitems*{1d1e0dc8-61f7-4d7c-81a1-6127d29907c8}*SharedItemsImports = 13
		ExcelSharp.Shared\ExcelSharp.Shared.projitems*{c952b0f9-961c-424f-8890-94870d5e9916}*SharedItemsImports = 5
	EndGlobalSection
EndGlobal
